
Microsoft Visual Studio Solution File, Format Version 12.00
# Visual Studio Version 16
VisualStudioVersion = 16.0.30611.23
MinimumVisualStudioVersion = 10.0.40219.1
Project("{9A19103F-16F7-4668-BE54-9A1E7A4F7556}") = "LinkedListDS", "LinkedListDS.csproj", "{DF474D3E-D774-403F-8C58-5C2C71417236}"
EndProject
Project("{9A19103F-16F7-4668-BE54-9A1E7A4F7556}") = "LinkedListTest", "..\LinkedListTest\LinkedListTest.csproj", "{5482B83C-C2F4-4F3F-9DF0-581FF5C26E06}"
EndProject
Global
	GlobalSection(SolutionConfigurationPlatforms) = preSolution
		Debug|Any CPU = Debug|Any CPU
		Release|Any CPU = Release|Any CPU
	EndGlobalSection
	GlobalSection(ProjectConfigurationPlatforms) = postSolution
		{DF474D3E-D774-403F-8C58-5C2C71417236}.Debug|Any CPU.ActiveCfg = Debug|Any CPU
		{DF474D3E-D774-403F-8C58-5C2C71417236}.Debug|Any CPU.Build.0 = Debug|Any CPU
		{DF474D3E-D774-403F-8C58-5C2C71417236}.Release|Any CPU.ActiveCfg = Release|Any CPU
		{DF474D3E-D774-403F-8C58-5C2C71417236}.Release|Any CPU.Build.0 = Release|Any CPU
		{5482B83C-C2F4-4F3F-9DF0-581FF5C26E06}.Debug|Any CPU.ActiveCfg = Debug|Any CPU
		{5482B83C-C2F4-4F3F-9DF0-581FF5C26E06}.Debug|Any CPU.Build.0 = Debug|Any CPU
		{5482B83C-C2F4-4F3F-9DF0-581FF5C26E06}.Release|Any CPU.ActiveCfg = Release|Any CPU
		{5482B83C-C2F4-4F3F-9DF0-581FF5C26E06}.Release|Any CPU.Build.0 = Release|Any CPU
	EndGlobalSection
	GlobalSection(SolutionProperties) = preSolution
		HideSolutionNode = FALSE
	EndGlobalSection
	GlobalSection(ExtensibilityGlobals) = postSolution
		SolutionGuid = {ADC9C49E-0697-4CC0-A493-7B86181EBC1F}
	EndGlobalSection
EndGlobal
